
Microsoft Visual Studio Solution File, Format Version 12.00
# Visual Studio Version 17
VisualStudioVersion = 17.14.36705.20 d17.14
MinimumVisualStudioVersion = 10.0.40219.1
Project("{FAE04EC0-301F-11D3-BF4B-00C04F79EFBC}") = "ASC.Web", "ASC.Web\ASC.Web.csproj", "{447705AB-5869-441B-AA00-5E18E156250A}"
EndProject
Global
	GlobalSection(SolutionConfigurationPlatforms) = preSolution
		Debug|Any CPU = Debug|Any CPU
		Release|Any CPU = Release|Any CPU
	EndGlobalSection
	GlobalSection(ProjectConfigurationPlatforms) = postSolution
		{447705AB-5869-441B-AA00-5E18E156250A}.Debug|Any CPU.ActiveCfg = Debug|Any CPU
		{447705AB-5869-441B-AA00-5E18E156250A}.Debug|Any CPU.Build.0 = Debug|Any CPU
		{447705AB-5869-441B-AA00-5E18E156250A}.Release|Any CPU.ActiveCfg = Release|Any CPU
		{447705AB-5869-441B-AA00-5E18E156250A}.Release|Any CPU.Build.0 = Release|Any CPU
	EndGlobalSection
	GlobalSection(SolutionProperties) = preSolution
		HideSolutionNode = FALSE
	EndGlobalSection
	GlobalSection(ExtensibilityGlobals) = postSolution
		SolutionGuid = {626289CF-DAB4-4113-A15A-4A4C15719641}
	EndGlobalSection
EndGlobal
