
Microsoft Visual Studio Solution File, Format Version 12.00
# Visual Studio Version 17
VisualStudioVersion = 17.14.36705.20
MinimumVisualStudioVersion = 10.0.40219.1
Project("{FAE04EC0-301F-11D3-BF4B-00C04F79EFBC}") = "ASC.Web", "ASC.Web\ASC.Web.csproj", "{447705AB-5869-441B-AA00-5E18E156250A}"
EndProject
Project("{FAE04EC0-301F-11D3-BF4B-00C04F79EFBC}") = "ASC.Business", "ASC.Business\ASC.Business.csproj", "{D72B92DE-EA8C-4FB6-B925-C6D33EB62F7B}"
EndProject
Project("{FAE04EC0-301F-11D3-BF4B-00C04F79EFBC}") = "ASC.DataAccess", "ASC.DataAccess\ASC.DataAccess.csproj", "{271ECF32-E39E-407D-BCB1-39933EABD0B5}"
EndProject
Project("{FAE04EC0-301F-11D3-BF4B-00C04F79EFBC}") = "ASC.Model", "ASC.Model\ASC.Model.csproj", "{B4CA12F3-D582-41FF-BEBC-977B0C36FA18}"
EndProject
Project("{FAE04EC0-301F-11D3-BF4B-00C04F79EFBC}") = "ASC.Utilities", "ASC.Utilities\ASC.Utilities.csproj", "{0DB06430-B539-4320-9810-5AF873CD3E49}"
EndProject
Global
	GlobalSection(SolutionConfigurationPlatforms) = preSolution
		Debug|Any CPU = Debug|Any CPU
		Release|Any CPU = Release|Any CPU
	EndGlobalSection
	GlobalSection(ProjectConfigurationPlatforms) = postSolution
		{447705AB-5869-441B-AA00-5E18E156250A}.Debug|Any CPU.ActiveCfg = Debug|Any CPU
		{447705AB-5869-441B-AA00-5E18E156250A}.Debug|Any CPU.Build.0 = Debug|Any CPU
		{447705AB-5869-441B-AA00-5E18E156250A}.Release|Any CPU.ActiveCfg = Release|Any CPU
		{447705AB-5869-441B-AA00-5E18E156250A}.Release|Any CPU.Build.0 = Release|Any CPU
		{D72B92DE-EA8C-4FB6-B925-C6D33EB62F7B}.Debug|Any CPU.ActiveCfg = Debug|Any CPU
		{D72B92DE-EA8C-4FB6-B925-C6D33EB62F7B}.Debug|Any CPU.Build.0 = Debug|Any CPU
		{D72B92DE-EA8C-4FB6-B925-C6D33EB62F7B}.Release|Any CPU.ActiveCfg = Release|Any CPU
		{D72B92DE-EA8C-4FB6-B925-C6D33EB62F7B}.Release|Any CPU.Build.0 = Release|Any CPU
		{271ECF32-E39E-407D-BCB1-39933EABD0B5}.Debug|Any CPU.ActiveCfg = Debug|Any CPU
		{271ECF32-E39E-407D-BCB1-39933EABD0B5}.Debug|Any CPU.Build.0 = Debug|Any CPU
		{271ECF32-E39E-407D-BCB1-39933EABD0B5}.Release|Any CPU.ActiveCfg = Release|Any CPU
		{271ECF32-E39E-407D-BCB1-39933EABD0B5}.Release|Any CPU.Build.0 = Release|Any CPU
		{B4CA12F3-D582-41FF-BEBC-977B0C36FA18}.Debug|Any CPU.ActiveCfg = Debug|Any CPU
		{B4CA12F3-D582-41FF-BEBC-977B0C36FA18}.Debug|Any CPU.Build.0 = Debug|Any CPU
		{B4CA12F3-D582-41FF-BEBC-977B0C36FA18}.Release|Any CPU.ActiveCfg = Release|Any CPU
		{B4CA12F3-D582-41FF-BEBC-977B0C36FA18}.Release|Any CPU.Build.0 = Release|Any CPU
		{0DB06430-B539-4320-9810-5AF873CD3E49}.Debug|Any CPU.ActiveCfg = Debug|Any CPU
		{0DB06430-B539-4320-9810-5AF873CD3E49}.Debug|Any CPU.Build.0 = Debug|Any CPU
		{0DB06430-B539-4320-9810-5AF873CD3E49}.Release|Any CPU.ActiveCfg = Release|Any CPU
		{0DB06430-B539-4320-9810-5AF873CD3E49}.Release|Any CPU.Build.0 = Release|Any CPU
	EndGlobalSection
	GlobalSection(SolutionProperties) = preSolution
		HideSolutionNode = FALSE
	EndGlobalSection
	GlobalSection(ExtensibilityGlobals) = postSolution
		SolutionGuid = {626289CF-DAB4-4113-A15A-4A4C15719641}
	EndGlobalSection
EndGlobal
